// !$*UTF8*$!
{
	archiveVersion = 1;
	classes = {
	};
	objectVersion = 46;
	objects = {

/* Begin PBXBuildFile section */
		580B33A26C45F892BFFA1156 /* Pods_Dono.framework in Frameworks */ = {isa = PBXBuildFile; fileRef = 59B7C9EAA1604EC107490047 /* Pods_Dono.framework */; };
		9A8FB5F9656AD2F19E8EDA09 /* Pods_DonoTests.framework in Frameworks */ = {isa = PBXBuildFile; fileRef = EBCE82AE1A163C4168B3E55C /* Pods_DonoTests.framework */; };
		E2CEE9644D3C3201610726BA /* Pods_DonoUITests.framework in Frameworks */ = {isa = PBXBuildFile; fileRef = FD3045E2720E21D432D5C6DF /* Pods_DonoUITests.framework */; };
		E62A58351C9731FF005EC7B7 /* AppDelegate.swift in Sources */ = {isa = PBXBuildFile; fileRef = E62A58341C9731FF005EC7B7 /* AppDelegate.swift */; };
		E62A58371C9731FF005EC7B7 /* LabelsViewController.swift in Sources */ = {isa = PBXBuildFile; fileRef = E62A58361C9731FF005EC7B7 /* LabelsViewController.swift */; };
		E62A58391C9731FF005EC7B7 /* Assets.xcassets in Resources */ = {isa = PBXBuildFile; fileRef = E62A58381C9731FF005EC7B7 /* Assets.xcassets */; };
		E62A583C1C9731FF005EC7B7 /* Dono.storyboard in Resources */ = {isa = PBXBuildFile; fileRef = E62A583A1C9731FF005EC7B7 /* Dono.storyboard */; };
		E62A58471C9731FF005EC7B7 /* DonoTests.swift in Sources */ = {isa = PBXBuildFile; fileRef = E62A58461C9731FF005EC7B7 /* DonoTests.swift */; };
		E62A58521C9731FF005EC7B7 /* DonoUITests.swift in Sources */ = {isa = PBXBuildFile; fileRef = E62A58511C9731FF005EC7B7 /* DonoUITests.swift */; };
		E62A58651C9734A7005EC7B7 /* KeyViewController.swift in Sources */ = {isa = PBXBuildFile; fileRef = E62A58641C9734A7005EC7B7 /* KeyViewController.swift */; };
		E62A58671C9734B2005EC7B7 /* AddLabelViewController.swift in Sources */ = {isa = PBXBuildFile; fileRef = E62A58661C9734B2005EC7B7 /* AddLabelViewController.swift */; };
		E62AB03B1D03568A004C4051 /* DonoSettingsViewController.swift in Sources */ = {isa = PBXBuildFile; fileRef = E62AB03A1D03568A004C4051 /* DonoSettingsViewController.swift */; };
		E62AB03D1D03635B004C4051 /* Settings.swift in Sources */ = {isa = PBXBuildFile; fileRef = E62AB03C1D03635B004C4051 /* Settings.swift */; };
		E63B416E1C9889EE0002508F /* Pasteboard.swift in Sources */ = {isa = PBXBuildFile; fileRef = E63B416D1C9889EE0002508F /* Pasteboard.swift */; };
		E686A77B1C973D380060648C /* PersistableKey.swift in Sources */ = {isa = PBXBuildFile; fileRef = E686A7791C973D380060648C /* PersistableKey.swift */; };
		E686A77C1C973D380060648C /* PeristableLabels.swift in Sources */ = {isa = PBXBuildFile; fileRef = E686A77A1C973D380060648C /* PeristableLabels.swift */; };
		E6906FD61D020C9A00623684 /* LabelsTableView.swift in Sources */ = {isa = PBXBuildFile; fileRef = E6906FD51D020C9A00623684 /* LabelsTableView.swift */; };
		E6986EED1D00C0DB009C3829 /* MainWindow.swift in Sources */ = {isa = PBXBuildFile; fileRef = E6986EEC1D00C0DB009C3829 /* MainWindow.swift */; };
		E6A40F231D00A2F700D92620 /* PlainKeyViewController.swift in Sources */ = {isa = PBXBuildFile; fileRef = E6A40F221D00A2F700D92620 /* PlainKeyViewController.swift */; };
		E6A40F251D00A6A100D92620 /* DonoViewController.swift in Sources */ = {isa = PBXBuildFile; fileRef = E6A40F241D00A6A100D92620 /* DonoViewController.swift */; };
/* End PBXBuildFile section */

/* Begin PBXContainerItemProxy section */
		E62A58431C9731FF005EC7B7 /* PBXContainerItemProxy */ = {
			isa = PBXContainerItemProxy;
			containerPortal = E62A58291C9731FF005EC7B7 /* Project object */;
			proxyType = 1;
			remoteGlobalIDString = E62A58301C9731FF005EC7B7;
			remoteInfo = "One Passwords";
		};
		E62A584E1C9731FF005EC7B7 /* PBXContainerItemProxy */ = {
			isa = PBXContainerItemProxy;
			containerPortal = E62A58291C9731FF005EC7B7 /* Project object */;
			proxyType = 1;
			remoteGlobalIDString = E62A58301C9731FF005EC7B7;
			remoteInfo = "One Passwords";
		};
/* End PBXContainerItemProxy section */

/* Begin PBXCopyFilesBuildPhase section */
		E686A7961C973DBC0060648C /* Embed Frameworks */ = {
			isa = PBXCopyFilesBuildPhase;
			buildActionMask = 2147483647;
			dstPath = "";
			dstSubfolderSpec = 10;
			files = (
			);
			name = "Embed Frameworks";
			runOnlyForDeploymentPostprocessing = 0;
		};
/* End PBXCopyFilesBuildPhase section */

/* Begin PBXFileReference section */
		13AC495EFDDFFF362FBCF259 /* Pods-DonoTests.release.xcconfig */ = {isa = PBXFileReference; includeInIndex = 1; lastKnownFileType = text.xcconfig; name = "Pods-DonoTests.release.xcconfig"; path = "Pods/Target Support Files/Pods-DonoTests/Pods-DonoTests.release.xcconfig"; sourceTree = "<group>"; };
		456C27961153105B7E745918 /* Pods-DonoUITests.debug.xcconfig */ = {isa = PBXFileReference; includeInIndex = 1; lastKnownFileType = text.xcconfig; name = "Pods-DonoUITests.debug.xcconfig"; path = "Pods/Target Support Files/Pods-DonoUITests/Pods-DonoUITests.debug.xcconfig"; sourceTree = "<group>"; };
		59B7C9EAA1604EC107490047 /* Pods_Dono.framework */ = {isa = PBXFileReference; explicitFileType = wrapper.framework; includeInIndex = 0; path = Pods_Dono.framework; sourceTree = BUILT_PRODUCTS_DIR; };
		8734A68BC3CD4C653FC34D1A /* Pods-Dono.debug.xcconfig */ = {isa = PBXFileReference; includeInIndex = 1; lastKnownFileType = text.xcconfig; name = "Pods-Dono.debug.xcconfig"; path = "Pods/Target Support Files/Pods-Dono/Pods-Dono.debug.xcconfig"; sourceTree = "<group>"; };
		9502D1551F8EC8B519780599 /* Pods-DonoUITests.release.xcconfig */ = {isa = PBXFileReference; includeInIndex = 1; lastKnownFileType = text.xcconfig; name = "Pods-DonoUITests.release.xcconfig"; path = "Pods/Target Support Files/Pods-DonoUITests/Pods-DonoUITests.release.xcconfig"; sourceTree = "<group>"; };
		9F6E5AD89A1AE8965CE2A287 /* Pods-DonoTests.debug.xcconfig */ = {isa = PBXFileReference; includeInIndex = 1; lastKnownFileType = text.xcconfig; name = "Pods-DonoTests.debug.xcconfig"; path = "Pods/Target Support Files/Pods-DonoTests/Pods-DonoTests.debug.xcconfig"; sourceTree = "<group>"; };
		DF02E035695E212DA25B76BD /* Pods-Dono.release.xcconfig */ = {isa = PBXFileReference; includeInIndex = 1; lastKnownFileType = text.xcconfig; name = "Pods-Dono.release.xcconfig"; path = "Pods/Target Support Files/Pods-Dono/Pods-Dono.release.xcconfig"; sourceTree = "<group>"; };
		E62A58311C9731FF005EC7B7 /* Dono.app */ = {isa = PBXFileReference; explicitFileType = wrapper.application; includeInIndex = 0; path = Dono.app; sourceTree = BUILT_PRODUCTS_DIR; };
		E62A58341C9731FF005EC7B7 /* AppDelegate.swift */ = {isa = PBXFileReference; lastKnownFileType = sourcecode.swift; path = AppDelegate.swift; sourceTree = "<group>"; };
		E62A58361C9731FF005EC7B7 /* LabelsViewController.swift */ = {isa = PBXFileReference; lastKnownFileType = sourcecode.swift; path = LabelsViewController.swift; sourceTree = "<group>"; };
		E62A58381C9731FF005EC7B7 /* Assets.xcassets */ = {isa = PBXFileReference; lastKnownFileType = folder.assetcatalog; path = Assets.xcassets; sourceTree = "<group>"; };
		E62A583B1C9731FF005EC7B7 /* Base */ = {isa = PBXFileReference; lastKnownFileType = file.storyboard; name = Base; path = Base.lproj/Dono.storyboard; sourceTree = "<group>"; };
		E62A583D1C9731FF005EC7B7 /* Info.plist */ = {isa = PBXFileReference; lastKnownFileType = text.plist.xml; path = Info.plist; sourceTree = "<group>"; };
		E62A58421C9731FF005EC7B7 /* Dono.xctest */ = {isa = PBXFileReference; explicitFileType = wrapper.cfbundle; includeInIndex = 0; path = Dono.xctest; sourceTree = BUILT_PRODUCTS_DIR; };
		E62A58461C9731FF005EC7B7 /* DonoTests.swift */ = {isa = PBXFileReference; lastKnownFileType = sourcecode.swift; path = DonoTests.swift; sourceTree = "<group>"; };
		E62A58481C9731FF005EC7B7 /* Info.plist */ = {isa = PBXFileReference; lastKnownFileType = text.plist.xml; path = Info.plist; sourceTree = "<group>"; };
		E62A584D1C9731FF005EC7B7 /* Dono.xctest */ = {isa = PBXFileReference; explicitFileType = wrapper.cfbundle; includeInIndex = 0; path = Dono.xctest; sourceTree = BUILT_PRODUCTS_DIR; };
		E62A58511C9731FF005EC7B7 /* DonoUITests.swift */ = {isa = PBXFileReference; lastKnownFileType = sourcecode.swift; path = DonoUITests.swift; sourceTree = "<group>"; };
		E62A58531C9731FF005EC7B7 /* Info.plist */ = {isa = PBXFileReference; lastKnownFileType = text.plist.xml; path = Info.plist; sourceTree = "<group>"; };
		E62A58641C9734A7005EC7B7 /* KeyViewController.swift */ = {isa = PBXFileReference; fileEncoding = 4; lastKnownFileType = sourcecode.swift; path = KeyViewController.swift; sourceTree = "<group>"; };
		E62A58661C9734B2005EC7B7 /* AddLabelViewController.swift */ = {isa = PBXFileReference; fileEncoding = 4; lastKnownFileType = sourcecode.swift; path = AddLabelViewController.swift; sourceTree = "<group>"; };
		E62AB03A1D03568A004C4051 /* DonoSettingsViewController.swift */ = {isa = PBXFileReference; fileEncoding = 4; lastKnownFileType = sourcecode.swift; path = DonoSettingsViewController.swift; sourceTree = "<group>"; };
		E62AB03C1D03635B004C4051 /* Settings.swift */ = {isa = PBXFileReference; fileEncoding = 4; lastKnownFileType = sourcecode.swift; path = Settings.swift; sourceTree = "<group>"; };
		E63B416D1C9889EE0002508F /* Pasteboard.swift */ = {isa = PBXFileReference; fileEncoding = 4; lastKnownFileType = sourcecode.swift; path = Pasteboard.swift; sourceTree = "<group>"; };
		E63B416F1C988E550002508F /* One Passwords.entitlements */ = {isa = PBXFileReference; lastKnownFileType = text.xml; path = "One Passwords.entitlements"; sourceTree = "<group>"; };
		E686A7791C973D380060648C /* PersistableKey.swift */ = {isa = PBXFileReference; fileEncoding = 4; lastKnownFileType = sourcecode.swift; path = PersistableKey.swift; sourceTree = "<group>"; };
		E686A77A1C973D380060648C /* PeristableLabels.swift */ = {isa = PBXFileReference; fileEncoding = 4; lastKnownFileType = sourcecode.swift; path = PeristableLabels.swift; sourceTree = "<group>"; };
		E6906FD51D020C9A00623684 /* LabelsTableView.swift */ = {isa = PBXFileReference; fileEncoding = 4; lastKnownFileType = sourcecode.swift; path = LabelsTableView.swift; sourceTree = "<group>"; };
		E6986EEC1D00C0DB009C3829 /* MainWindow.swift */ = {isa = PBXFileReference; fileEncoding = 4; lastKnownFileType = sourcecode.swift; path = MainWindow.swift; sourceTree = "<group>"; };
		E6A40F221D00A2F700D92620 /* PlainKeyViewController.swift */ = {isa = PBXFileReference; fileEncoding = 4; lastKnownFileType = sourcecode.swift; path = PlainKeyViewController.swift; sourceTree = "<group>"; };
		E6A40F241D00A6A100D92620 /* DonoViewController.swift */ = {isa = PBXFileReference; fileEncoding = 4; lastKnownFileType = sourcecode.swift; path = DonoViewController.swift; sourceTree = "<group>"; };
		EBCE82AE1A163C4168B3E55C /* Pods_DonoTests.framework */ = {isa = PBXFileReference; explicitFileType = wrapper.framework; includeInIndex = 0; path = Pods_DonoTests.framework; sourceTree = BUILT_PRODUCTS_DIR; };
		FD3045E2720E21D432D5C6DF /* Pods_DonoUITests.framework */ = {isa = PBXFileReference; explicitFileType = wrapper.framework; includeInIndex = 0; path = Pods_DonoUITests.framework; sourceTree = BUILT_PRODUCTS_DIR; };
/* End PBXFileReference section */

/* Begin PBXFrameworksBuildPhase section */
		E62A582E1C9731FF005EC7B7 /* Frameworks */ = {
			isa = PBXFrameworksBuildPhase;
			buildActionMask = 2147483647;
			files = (
				580B33A26C45F892BFFA1156 /* Pods_Dono.framework in Frameworks */,
			);
			runOnlyForDeploymentPostprocessing = 0;
		};
		E62A583F1C9731FF005EC7B7 /* Frameworks */ = {
			isa = PBXFrameworksBuildPhase;
			buildActionMask = 2147483647;
			files = (
				9A8FB5F9656AD2F19E8EDA09 /* Pods_DonoTests.framework in Frameworks */,
			);
			runOnlyForDeploymentPostprocessing = 0;
		};
		E62A584A1C9731FF005EC7B7 /* Frameworks */ = {
			isa = PBXFrameworksBuildPhase;
			buildActionMask = 2147483647;
			files = (
				E2CEE9644D3C3201610726BA /* Pods_DonoUITests.framework in Frameworks */,
			);
			runOnlyForDeploymentPostprocessing = 0;
		};
/* End PBXFrameworksBuildPhase section */

/* Begin PBXGroup section */
		2E43C2712610AC956F73CCDC /* Pods */ = {
			isa = PBXGroup;
			children = (
				8734A68BC3CD4C653FC34D1A /* Pods-Dono.debug.xcconfig */,
				DF02E035695E212DA25B76BD /* Pods-Dono.release.xcconfig */,
				9F6E5AD89A1AE8965CE2A287 /* Pods-DonoTests.debug.xcconfig */,
				13AC495EFDDFFF362FBCF259 /* Pods-DonoTests.release.xcconfig */,
				456C27961153105B7E745918 /* Pods-DonoUITests.debug.xcconfig */,
				9502D1551F8EC8B519780599 /* Pods-DonoUITests.release.xcconfig */,
			);
			name = Pods;
			sourceTree = "<group>";
		};
		B4276326F8DB19F6C83796C4 /* Frameworks */ = {
			isa = PBXGroup;
			children = (
				59B7C9EAA1604EC107490047 /* Pods_Dono.framework */,
				EBCE82AE1A163C4168B3E55C /* Pods_DonoTests.framework */,
				FD3045E2720E21D432D5C6DF /* Pods_DonoUITests.framework */,
			);
			name = Frameworks;
			sourceTree = "<group>";
		};
		E62A58281C9731FF005EC7B7 = {
			isa = PBXGroup;
			children = (
				E62A58331C9731FF005EC7B7 /* Dono */,
				E62A58451C9731FF005EC7B7 /* DonoTests */,
				E62A58501C9731FF005EC7B7 /* DonoUITests */,
				E62A58321C9731FF005EC7B7 /* Products */,
				2E43C2712610AC956F73CCDC /* Pods */,
				B4276326F8DB19F6C83796C4 /* Frameworks */,
			);
			sourceTree = "<group>";
		};
		E62A58321C9731FF005EC7B7 /* Products */ = {
			isa = PBXGroup;
			children = (
				E62A58311C9731FF005EC7B7 /* Dono.app */,
				E62A58421C9731FF005EC7B7 /* Dono.xctest */,
				E62A584D1C9731FF005EC7B7 /* Dono.xctest */,
			);
			name = Products;
			sourceTree = "<group>";
		};
		E62A58331C9731FF005EC7B7 /* Dono */ = {
			isa = PBXGroup;
			children = (
				E62A583D1C9731FF005EC7B7 /* Info.plist */,
				E63B416F1C988E550002508F /* One Passwords.entitlements */,
				E62A58381C9731FF005EC7B7 /* Assets.xcassets */,
				E686A7781C973D1A0060648C /* Utils */,
				E686A77D1C973D420060648C /* Models */,
				E6E02E201D037A5200092A24 /* Views */,
				E686A7761C973D080060648C /* ViewControllers */,
				E62A58341C9731FF005EC7B7 /* AppDelegate.swift */,
				E62A583A1C9731FF005EC7B7 /* Dono.storyboard */,
				E6986EEC1D00C0DB009C3829 /* MainWindow.swift */,
			);
			name = Dono;
			path = "One Passwords";
			sourceTree = "<group>";
		};
		E62A58451C9731FF005EC7B7 /* DonoTests */ = {
			isa = PBXGroup;
			children = (
				E62A58461C9731FF005EC7B7 /* DonoTests.swift */,
				E62A58481C9731FF005EC7B7 /* Info.plist */,
			);
			name = DonoTests;
			path = "One PasswordsTests";
			sourceTree = "<group>";
		};
		E62A58501C9731FF005EC7B7 /* DonoUITests */ = {
			isa = PBXGroup;
			children = (
				E62A58511C9731FF005EC7B7 /* DonoUITests.swift */,
				E62A58531C9731FF005EC7B7 /* Info.plist */,
			);
			name = DonoUITests;
			path = "One PasswordsUITests";
			sourceTree = "<group>";
		};
		E686A7761C973D080060648C /* ViewControllers */ = {
			isa = PBXGroup;
			children = (
				E62A58361C9731FF005EC7B7 /* LabelsViewController.swift */,
				E6A40F241D00A6A100D92620 /* DonoViewController.swift */,
				E62A58641C9734A7005EC7B7 /* KeyViewController.swift */,
				E62A58661C9734B2005EC7B7 /* AddLabelViewController.swift */,
				E6A40F221D00A2F700D92620 /* PlainKeyViewController.swift */,
				E62AB03A1D03568A004C4051 /* DonoSettingsViewController.swift */,
			);
			name = ViewControllers;
			sourceTree = "<group>";
		};
		E686A7781C973D1A0060648C /* Utils */ = {
			isa = PBXGroup;
			children = (
				E63B416D1C9889EE0002508F /* Pasteboard.swift */,
			);
			name = Utils;
			sourceTree = "<group>";
		};
		E686A77D1C973D420060648C /* Models */ = {
			isa = PBXGroup;
			children = (
				E686A7791C973D380060648C /* PersistableKey.swift */,
				E686A77A1C973D380060648C /* PeristableLabels.swift */,
				E62AB03C1D03635B004C4051 /* Settings.swift */,
			);
			name = Models;
			sourceTree = "<group>";
		};
		E6E02E201D037A5200092A24 /* Views */ = {
			isa = PBXGroup;
			children = (
				E6906FD51D020C9A00623684 /* LabelsTableView.swift */,
			);
			name = Views;
			sourceTree = "<group>";
		};
/* End PBXGroup section */

/* Begin PBXNativeTarget section */
		E62A58301C9731FF005EC7B7 /* Dono */ = {
			isa = PBXNativeTarget;
			buildConfigurationList = E62A58561C9731FF005EC7B7 /* Build configuration list for PBXNativeTarget "Dono" */;
			buildPhases = (
				C3D4CF82EEE84D404C10CA7E /* 📦 Check Pods Manifest.lock */,
				E62A582D1C9731FF005EC7B7 /* Sources */,
				E62A582E1C9731FF005EC7B7 /* Frameworks */,
				E62A582F1C9731FF005EC7B7 /* Resources */,
				E686A7961C973DBC0060648C /* Embed Frameworks */,
				A1775470CF7EA013CBCD1D39 /* 📦 Embed Pods Frameworks */,
				0BF0A090095B4B86EA497E48 /* 📦 Copy Pods Resources */,
			);
			buildRules = (
			);
			dependencies = (
			);
			name = Dono;
			productName = "One Passwords";
			productReference = E62A58311C9731FF005EC7B7 /* Dono.app */;
			productType = "com.apple.product-type.application";
		};
		E62A58411C9731FF005EC7B7 /* DonoTests */ = {
			isa = PBXNativeTarget;
			buildConfigurationList = E62A58591C9731FF005EC7B7 /* Build configuration list for PBXNativeTarget "DonoTests" */;
			buildPhases = (
				0A82ABE8BA976B123EBA96CC /* 📦 Check Pods Manifest.lock */,
				E62A583E1C9731FF005EC7B7 /* Sources */,
				E62A583F1C9731FF005EC7B7 /* Frameworks */,
				E62A58401C9731FF005EC7B7 /* Resources */,
				44EB863057FE3B28C4E6A17D /* 📦 Embed Pods Frameworks */,
				087A66C5F5CEFFD039B05EEB /* 📦 Copy Pods Resources */,
			);
			buildRules = (
			);
			dependencies = (
				E62A58441C9731FF005EC7B7 /* PBXTargetDependency */,
			);
			name = DonoTests;
			productName = "One PasswordsTests";
			productReference = E62A58421C9731FF005EC7B7 /* Dono.xctest */;
			productType = "com.apple.product-type.bundle.unit-test";
		};
		E62A584C1C9731FF005EC7B7 /* DonoUITests */ = {
			isa = PBXNativeTarget;
			buildConfigurationList = E62A585C1C9731FF005EC7B7 /* Build configuration list for PBXNativeTarget "DonoUITests" */;
			buildPhases = (
				524CAD7AD00462BE8615FF09 /* 📦 Check Pods Manifest.lock */,
				E62A58491C9731FF005EC7B7 /* Sources */,
				E62A584A1C9731FF005EC7B7 /* Frameworks */,
				E62A584B1C9731FF005EC7B7 /* Resources */,
				38678D87CD1C8BD29CEDCE0E /* 📦 Copy Pods Resources */,
			);
			buildRules = (
			);
			dependencies = (
				E62A584F1C9731FF005EC7B7 /* PBXTargetDependency */,
			);
			name = DonoUITests;
			productName = "One PasswordsUITests";
			productReference = E62A584D1C9731FF005EC7B7 /* Dono.xctest */;
			productType = "com.apple.product-type.bundle.ui-testing";
		};
/* End PBXNativeTarget section */

/* Begin PBXProject section */
		E62A58291C9731FF005EC7B7 /* Project object */ = {
			isa = PBXProject;
			attributes = {
				LastSwiftUpdateCheck = 0720;
				LastUpgradeCheck = 0720;
				ORGANIZATIONNAME = "Panos Sakkos";
				TargetAttributes = {
					E62A58301C9731FF005EC7B7 = {
						CreatedOnToolsVersion = 7.2.1;
						DevelopmentTeam = 3R6MD8JA3P;
						SystemCapabilities = {
							com.apple.Sandbox = {
								enabled = 1;
							};
						};
					};
					E62A58411C9731FF005EC7B7 = {
						CreatedOnToolsVersion = 7.2.1;
						TestTargetID = E62A58301C9731FF005EC7B7;
					};
					E62A584C1C9731FF005EC7B7 = {
						CreatedOnToolsVersion = 7.2.1;
						TestTargetID = E62A58301C9731FF005EC7B7;
					};
				};
			};
			buildConfigurationList = E62A582C1C9731FF005EC7B7 /* Build configuration list for PBXProject "Dono" */;
			compatibilityVersion = "Xcode 3.2";
			developmentRegion = English;
			hasScannedForEncodings = 0;
			knownRegions = (
				en,
				Base,
			);
			mainGroup = E62A58281C9731FF005EC7B7;
			productRefGroup = E62A58321C9731FF005EC7B7 /* Products */;
			projectDirPath = "";
			projectRoot = "";
			targets = (
				E62A58301C9731FF005EC7B7 /* Dono */,
				E62A58411C9731FF005EC7B7 /* DonoTests */,
				E62A584C1C9731FF005EC7B7 /* DonoUITests */,
			);
		};
/* End PBXProject section */

/* Begin PBXResourcesBuildPhase section */
		E62A582F1C9731FF005EC7B7 /* Resources */ = {
			isa = PBXResourcesBuildPhase;
			buildActionMask = 2147483647;
			files = (
				E62A58391C9731FF005EC7B7 /* Assets.xcassets in Resources */,
				E62A583C1C9731FF005EC7B7 /* Dono.storyboard in Resources */,
			);
			runOnlyForDeploymentPostprocessing = 0;
		};
		E62A58401C9731FF005EC7B7 /* Resources */ = {
			isa = PBXResourcesBuildPhase;
			buildActionMask = 2147483647;
			files = (
			);
			runOnlyForDeploymentPostprocessing = 0;
		};
		E62A584B1C9731FF005EC7B7 /* Resources */ = {
			isa = PBXResourcesBuildPhase;
			buildActionMask = 2147483647;
			files = (
			);
			runOnlyForDeploymentPostprocessing = 0;
		};
/* End PBXResourcesBuildPhase section */

/* Begin PBXShellScriptBuildPhase section */
		087A66C5F5CEFFD039B05EEB /* 📦 Copy Pods Resources */ = {
			isa = PBXShellScriptBuildPhase;
			buildActionMask = 2147483647;
			files = (
			);
			inputPaths = (
			);
			name = "📦 Copy Pods Resources";
			outputPaths = (
			);
			runOnlyForDeploymentPostprocessing = 0;
			shellPath = /bin/sh;
			shellScript = "\"${SRCROOT}/Pods/Target Support Files/Pods-DonoTests/Pods-DonoTests-resources.sh\"\n";
			showEnvVarsInLog = 0;
		};
		0A82ABE8BA976B123EBA96CC /* 📦 Check Pods Manifest.lock */ = {
			isa = PBXShellScriptBuildPhase;
			buildActionMask = 2147483647;
			files = (
			);
			inputPaths = (
			);
			name = "📦 Check Pods Manifest.lock";
			outputPaths = (
			);
			runOnlyForDeploymentPostprocessing = 0;
			shellPath = /bin/sh;
			shellScript = "diff \"${PODS_ROOT}/../Podfile.lock\" \"${PODS_ROOT}/Manifest.lock\" > /dev/null\nif [[ $? != 0 ]] ; then\n    cat << EOM\nerror: The sandbox is not in sync with the Podfile.lock. Run 'pod install' or update your CocoaPods installation.\nEOM\n    exit 1\nfi\n";
			showEnvVarsInLog = 0;
		};
		0BF0A090095B4B86EA497E48 /* 📦 Copy Pods Resources */ = {
			isa = PBXShellScriptBuildPhase;
			buildActionMask = 2147483647;
			files = (
			);
			inputPaths = (
			);
			name = "📦 Copy Pods Resources";
			outputPaths = (
			);
			runOnlyForDeploymentPostprocessing = 0;
			shellPath = /bin/sh;
			shellScript = "\"${SRCROOT}/Pods/Target Support Files/Pods-Dono/Pods-Dono-resources.sh\"\n";
			showEnvVarsInLog = 0;
		};
		38678D87CD1C8BD29CEDCE0E /* 📦 Copy Pods Resources */ = {
			isa = PBXShellScriptBuildPhase;
			buildActionMask = 2147483647;
			files = (
			);
			inputPaths = (
			);
			name = "📦 Copy Pods Resources";
			outputPaths = (
			);
			runOnlyForDeploymentPostprocessing = 0;
			shellPath = /bin/sh;
			shellScript = "\"${SRCROOT}/Pods/Target Support Files/Pods-DonoUITests/Pods-DonoUITests-resources.sh\"\n";
			showEnvVarsInLog = 0;
		};
		44EB863057FE3B28C4E6A17D /* 📦 Embed Pods Frameworks */ = {
			isa = PBXShellScriptBuildPhase;
			buildActionMask = 2147483647;
			files = (
			);
			inputPaths = (
			);
			name = "📦 Embed Pods Frameworks";
			outputPaths = (
			);
			runOnlyForDeploymentPostprocessing = 0;
			shellPath = /bin/sh;
			shellScript = "\"${SRCROOT}/Pods/Target Support Files/Pods-DonoTests/Pods-DonoTests-frameworks.sh\"\n";
			showEnvVarsInLog = 0;
		};
		524CAD7AD00462BE8615FF09 /* 📦 Check Pods Manifest.lock */ = {
			isa = PBXShellScriptBuildPhase;
			buildActionMask = 2147483647;
			files = (
			);
			inputPaths = (
			);
			name = "📦 Check Pods Manifest.lock";
			outputPaths = (
			);
			runOnlyForDeploymentPostprocessing = 0;
			shellPath = /bin/sh;
			shellScript = "diff \"${PODS_ROOT}/../Podfile.lock\" \"${PODS_ROOT}/Manifest.lock\" > /dev/null\nif [[ $? != 0 ]] ; then\n    cat << EOM\nerror: The sandbox is not in sync with the Podfile.lock. Run 'pod install' or update your CocoaPods installation.\nEOM\n    exit 1\nfi\n";
			showEnvVarsInLog = 0;
		};
		A1775470CF7EA013CBCD1D39 /* 📦 Embed Pods Frameworks */ = {
			isa = PBXShellScriptBuildPhase;
			buildActionMask = 2147483647;
			files = (
			);
			inputPaths = (
			);
			name = "📦 Embed Pods Frameworks";
			outputPaths = (
			);
			runOnlyForDeploymentPostprocessing = 0;
			shellPath = /bin/sh;
			shellScript = "\"${SRCROOT}/Pods/Target Support Files/Pods-Dono/Pods-Dono-frameworks.sh\"\n";
			showEnvVarsInLog = 0;
		};
		C3D4CF82EEE84D404C10CA7E /* 📦 Check Pods Manifest.lock */ = {
			isa = PBXShellScriptBuildPhase;
			buildActionMask = 2147483647;
			files = (
			);
			inputPaths = (
			);
			name = "📦 Check Pods Manifest.lock";
			outputPaths = (
			);
			runOnlyForDeploymentPostprocessing = 0;
			shellPath = /bin/sh;
			shellScript = "diff \"${PODS_ROOT}/../Podfile.lock\" \"${PODS_ROOT}/Manifest.lock\" > /dev/null\nif [[ $? != 0 ]] ; then\n    cat << EOM\nerror: The sandbox is not in sync with the Podfile.lock. Run 'pod install' or update your CocoaPods installation.\nEOM\n    exit 1\nfi\n";
			showEnvVarsInLog = 0;
		};
/* End PBXShellScriptBuildPhase section */

/* Begin PBXSourcesBuildPhase section */
		E62A582D1C9731FF005EC7B7 /* Sources */ = {
			isa = PBXSourcesBuildPhase;
			buildActionMask = 2147483647;
			files = (
				E686A77B1C973D380060648C /* PersistableKey.swift in Sources */,
				E62A58371C9731FF005EC7B7 /* LabelsViewController.swift in Sources */,
				E62AB03D1D03635B004C4051 /* Settings.swift in Sources */,
				E6986EED1D00C0DB009C3829 /* MainWindow.swift in Sources */,
				E6A40F251D00A6A100D92620 /* DonoViewController.swift in Sources */,
				E62A58651C9734A7005EC7B7 /* KeyViewController.swift in Sources */,
				E6A40F231D00A2F700D92620 /* PlainKeyViewController.swift in Sources */,
				E686A77C1C973D380060648C /* PeristableLabels.swift in Sources */,
				E62A58671C9734B2005EC7B7 /* AddLabelViewController.swift in Sources */,
				E62A58351C9731FF005EC7B7 /* AppDelegate.swift in Sources */,
				E6906FD61D020C9A00623684 /* LabelsTableView.swift in Sources */,
				E63B416E1C9889EE0002508F /* Pasteboard.swift in Sources */,
				E62AB03B1D03568A004C4051 /* DonoSettingsViewController.swift in Sources */,
			);
			runOnlyForDeploymentPostprocessing = 0;
		};
		E62A583E1C9731FF005EC7B7 /* Sources */ = {
			isa = PBXSourcesBuildPhase;
			buildActionMask = 2147483647;
			files = (
				E62A58471C9731FF005EC7B7 /* DonoTests.swift in Sources */,
			);
			runOnlyForDeploymentPostprocessing = 0;
		};
		E62A58491C9731FF005EC7B7 /* Sources */ = {
			isa = PBXSourcesBuildPhase;
			buildActionMask = 2147483647;
			files = (
				E62A58521C9731FF005EC7B7 /* DonoUITests.swift in Sources */,
			);
			runOnlyForDeploymentPostprocessing = 0;
		};
/* End PBXSourcesBuildPhase section */

/* Begin PBXTargetDependency section */
		E62A58441C9731FF005EC7B7 /* PBXTargetDependency */ = {
			isa = PBXTargetDependency;
			target = E62A58301C9731FF005EC7B7 /* Dono */;
			targetProxy = E62A58431C9731FF005EC7B7 /* PBXContainerItemProxy */;
		};
		E62A584F1C9731FF005EC7B7 /* PBXTargetDependency */ = {
			isa = PBXTargetDependency;
			target = E62A58301C9731FF005EC7B7 /* Dono */;
			targetProxy = E62A584E1C9731FF005EC7B7 /* PBXContainerItemProxy */;
		};
/* End PBXTargetDependency section */

/* Begin PBXVariantGroup section */
		E62A583A1C9731FF005EC7B7 /* Dono.storyboard */ = {
			isa = PBXVariantGroup;
			children = (
				E62A583B1C9731FF005EC7B7 /* Base */,
			);
			name = Dono.storyboard;
			sourceTree = "<group>";
		};
/* End PBXVariantGroup section */

/* Begin XCBuildConfiguration section */
		E62A58541C9731FF005EC7B7 /* Debug */ = {
			isa = XCBuildConfiguration;
			buildSettings = {
				ALWAYS_SEARCH_USER_PATHS = NO;
				CLANG_CXX_LANGUAGE_STANDARD = "gnu++0x";
				CLANG_CXX_LIBRARY = "libc++";
				CLANG_ENABLE_MODULES = YES;
				CLANG_ENABLE_OBJC_ARC = YES;
				CLANG_WARN_BOOL_CONVERSION = YES;
				CLANG_WARN_CONSTANT_CONVERSION = YES;
				CLANG_WARN_DIRECT_OBJC_ISA_USAGE = YES_ERROR;
				CLANG_WARN_EMPTY_BODY = YES;
				CLANG_WARN_ENUM_CONVERSION = YES;
				CLANG_WARN_INT_CONVERSION = YES;
				CLANG_WARN_OBJC_ROOT_CLASS = YES_ERROR;
				CLANG_WARN_UNREACHABLE_CODE = YES;
				CLANG_WARN__DUPLICATE_METHOD_MATCH = YES;
				CODE_SIGN_IDENTITY = "-";
				COPY_PHASE_STRIP = NO;
				DEBUG_INFORMATION_FORMAT = dwarf;
				ENABLE_STRICT_OBJC_MSGSEND = YES;
				ENABLE_TESTABILITY = YES;
				GCC_C_LANGUAGE_STANDARD = gnu99;
				GCC_DYNAMIC_NO_PIC = NO;
				GCC_NO_COMMON_BLOCKS = YES;
				GCC_OPTIMIZATION_LEVEL = 0;
				GCC_PREPROCESSOR_DEFINITIONS = (
					"DEBUG=1",
					"$(inherited)",
				);
				GCC_WARN_64_TO_32_BIT_CONVERSION = YES;
				GCC_WARN_ABOUT_RETURN_TYPE = YES_ERROR;
				GCC_WARN_UNDECLARED_SELECTOR = YES;
				GCC_WARN_UNINITIALIZED_AUTOS = YES_AGGRESSIVE;
				GCC_WARN_UNUSED_FUNCTION = YES;
				GCC_WARN_UNUSED_VARIABLE = YES;
				MACOSX_DEPLOYMENT_TARGET = 10.10;
				MTL_ENABLE_DEBUG_INFO = YES;
				ONLY_ACTIVE_ARCH = YES;
				SDKROOT = macosx;
				SWIFT_OPTIMIZATION_LEVEL = "-Onone";
			};
			name = Debug;
		};
		E62A58551C9731FF005EC7B7 /* Release */ = {
			isa = XCBuildConfiguration;
			buildSettings = {
				ALWAYS_SEARCH_USER_PATHS = NO;
				CLANG_CXX_LANGUAGE_STANDARD = "gnu++0x";
				CLANG_CXX_LIBRARY = "libc++";
				CLANG_ENABLE_MODULES = YES;
				CLANG_ENABLE_OBJC_ARC = YES;
				CLANG_WARN_BOOL_CONVERSION = YES;
				CLANG_WARN_CONSTANT_CONVERSION = YES;
				CLANG_WARN_DIRECT_OBJC_ISA_USAGE = YES_ERROR;
				CLANG_WARN_EMPTY_BODY = YES;
				CLANG_WARN_ENUM_CONVERSION = YES;
				CLANG_WARN_INT_CONVERSION = YES;
				CLANG_WARN_OBJC_ROOT_CLASS = YES_ERROR;
				CLANG_WARN_UNREACHABLE_CODE = YES;
				CLANG_WARN__DUPLICATE_METHOD_MATCH = YES;
				CODE_SIGN_IDENTITY = "-";
				COPY_PHASE_STRIP = NO;
				DEBUG_INFORMATION_FORMAT = "dwarf-with-dsym";
				ENABLE_NS_ASSERTIONS = NO;
				ENABLE_STRICT_OBJC_MSGSEND = YES;
				GCC_C_LANGUAGE_STANDARD = gnu99;
				GCC_NO_COMMON_BLOCKS = YES;
				GCC_WARN_64_TO_32_BIT_CONVERSION = YES;
				GCC_WARN_ABOUT_RETURN_TYPE = YES_ERROR;
				GCC_WARN_UNDECLARED_SELECTOR = YES;
				GCC_WARN_UNINITIALIZED_AUTOS = YES_AGGRESSIVE;
				GCC_WARN_UNUSED_FUNCTION = YES;
				GCC_WARN_UNUSED_VARIABLE = YES;
				MACOSX_DEPLOYMENT_TARGET = 10.10;
				MTL_ENABLE_DEBUG_INFO = NO;
				SDKROOT = macosx;
			};
			name = Release;
		};
		E62A58571C9731FF005EC7B7 /* Debug */ = {
			isa = XCBuildConfiguration;
			baseConfigurationReference = 8734A68BC3CD4C653FC34D1A /* Pods-Dono.debug.xcconfig */;
			buildSettings = {
				ASSETCATALOG_COMPILER_APPICON_NAME = AppIcon;
				CODE_SIGN_ENTITLEMENTS = "One Passwords/One Passwords.entitlements";
				CODE_SIGN_IDENTITY = "";
				COMBINE_HIDPI_IMAGES = YES;
				EMBEDDED_CONTENT_CONTAINS_SWIFT = YES;
				INFOPLIST_FILE = "One Passwords/Info.plist";
				LD_RUNPATH_SEARCH_PATHS = "$(inherited) @executable_path/../Frameworks";
				MACOSX_DEPLOYMENT_TARGET = 10.10;
				PRODUCT_BUNDLE_IDENTIFIER = com.psakkos.onepasswords.macos;
				PRODUCT_NAME = Dono;
				SWIFT_OBJC_BRIDGING_HEADER = "";
			};
			name = Debug;
		};
		E62A58581C9731FF005EC7B7 /* Release */ = {
			isa = XCBuildConfiguration;
			baseConfigurationReference = DF02E035695E212DA25B76BD /* Pods-Dono.release.xcconfig */;
			buildSettings = {
				ASSETCATALOG_COMPILER_APPICON_NAME = AppIcon;
				CODE_SIGN_ENTITLEMENTS = "One Passwords/One Passwords.entitlements";
				CODE_SIGN_IDENTITY = "Developer ID Application";
				COMBINE_HIDPI_IMAGES = YES;
				EMBEDDED_CONTENT_CONTAINS_SWIFT = YES;
				INFOPLIST_FILE = "One Passwords/Info.plist";
				LD_RUNPATH_SEARCH_PATHS = "$(inherited) @executable_path/../Frameworks";
				MACOSX_DEPLOYMENT_TARGET = 10.10;
				PRODUCT_BUNDLE_IDENTIFIER = com.psakkos.onepasswords.macos;
				PRODUCT_NAME = Dono;
				SWIFT_OBJC_BRIDGING_HEADER = "";
			};
			name = Release;
		};
		E62A585A1C9731FF005EC7B7 /* Debug */ = {
			isa = XCBuildConfiguration;
			baseConfigurationReference = 9F6E5AD89A1AE8965CE2A287 /* Pods-DonoTests.debug.xcconfig */;
			buildSettings = {
				BUNDLE_LOADER = "$(TEST_HOST)";
				COMBINE_HIDPI_IMAGES = YES;
				INFOPLIST_FILE = "One PasswordsTests/Info.plist";
				LD_RUNPATH_SEARCH_PATHS = "$(inherited) @executable_path/../Frameworks @loader_path/../Frameworks";
				PRODUCT_BUNDLE_IDENTIFIER = "OnePasswords.One-PasswordsTests";
				PRODUCT_NAME = Dono;
				TEST_HOST = "$(BUILT_PRODUCTS_DIR)/Dono.app/Contents/MacOS/Dono";
			};
			name = Debug;
		};
		E62A585B1C9731FF005EC7B7 /* Release */ = {
			isa = XCBuildConfiguration;
			baseConfigurationReference = 13AC495EFDDFFF362FBCF259 /* Pods-DonoTests.release.xcconfig */;
			buildSettings = {
				BUNDLE_LOADER = "$(TEST_HOST)";
				COMBINE_HIDPI_IMAGES = YES;
				INFOPLIST_FILE = "One PasswordsTests/Info.plist";
				LD_RUNPATH_SEARCH_PATHS = "$(inherited) @executable_path/../Frameworks @loader_path/../Frameworks";
				PRODUCT_BUNDLE_IDENTIFIER = "OnePasswords.One-PasswordsTests";
				PRODUCT_NAME = Dono;
				TEST_HOST = "$(BUILT_PRODUCTS_DIR)/Dono.app/Contents/MacOS/Dono";
			};
			name = Release;
		};
		E62A585D1C9731FF005EC7B7 /* Debug */ = {
			isa = XCBuildConfiguration;
			baseConfigurationReference = 456C27961153105B7E745918 /* Pods-DonoUITests.debug.xcconfig */;
			buildSettings = {
				COMBINE_HIDPI_IMAGES = YES;
				INFOPLIST_FILE = "One PasswordsUITests/Info.plist";
				LD_RUNPATH_SEARCH_PATHS = "$(inherited) @executable_path/../Frameworks @loader_path/../Frameworks";
				PRODUCT_BUNDLE_IDENTIFIER = "OnePasswords.One-PasswordsUITests";
				PRODUCT_NAME = Dono;
				TEST_TARGET_NAME = "One Passwords";
				USES_XCTRUNNER = YES;
			};
			name = Debug;
		};
		E62A585E1C9731FF005EC7B7 /* Release */ = {
			isa = XCBuildConfiguration;
			baseConfigurationReference = 9502D1551F8EC8B519780599 /* Pods-DonoUITests.release.xcconfig */;
			buildSettings = {
				COMBINE_HIDPI_IMAGES = YES;
				INFOPLIST_FILE = "One PasswordsUITests/Info.plist";
				LD_RUNPATH_SEARCH_PATHS = "$(inherited) @executable_path/../Frameworks @loader_path/../Frameworks";
				PRODUCT_BUNDLE_IDENTIFIER = "OnePasswords.One-PasswordsUITests";
				PRODUCT_NAME = Dono;
				TEST_TARGET_NAME = "One Passwords";
				USES_XCTRUNNER = YES;
			};
			name = Release;
		};
/* End XCBuildConfiguration section */

/* Begin XCConfigurationList section */
		E62A582C1C9731FF005EC7B7 /* Build configuration list for PBXProject "Dono" */ = {
			isa = XCConfigurationList;
			buildConfigurations = (
				E62A58541C9731FF005EC7B7 /* Debug */,
				E62A58551C9731FF005EC7B7 /* Release */,
			);
			defaultConfigurationIsVisible = 0;
			defaultConfigurationName = Release;
		};
		E62A58561C9731FF005EC7B7 /* Build configuration list for PBXNativeTarget "Dono" */ = {
			isa = XCConfigurationList;
			buildConfigurations = (
				E62A58571C9731FF005EC7B7 /* Debug */,
				E62A58581C9731FF005EC7B7 /* Release */,
			);
			defaultConfigurationIsVisible = 0;
			defaultConfigurationName = Release;
		};
		E62A58591C9731FF005EC7B7 /* Build configuration list for PBXNativeTarget "DonoTests" */ = {
			isa = XCConfigurationList;
			buildConfigurations = (
				E62A585A1C9731FF005EC7B7 /* Debug */,
				E62A585B1C9731FF005EC7B7 /* Release */,
			);
			defaultConfigurationIsVisible = 0;
			defaultConfigurationName = Release;
		};
		E62A585C1C9731FF005EC7B7 /* Build configuration list for PBXNativeTarget "DonoUITests" */ = {
			isa = XCConfigurationList;
			buildConfigurations = (
				E62A585D1C9731FF005EC7B7 /* Debug */,
				E62A585E1C9731FF005EC7B7 /* Release */,
			);
			defaultConfigurationIsVisible = 0;
			defaultConfigurationName = Release;
		};
/* End XCConfigurationList section */
	};
	rootObject = E62A58291C9731FF005EC7B7 /* Project object */;
}
