PODS:
  - CryptoSwift (0.6.0)
  - DonoCore (4.0.0):
    - CryptoSwift (~> 0.6)
  - KeychainSwift (6.0.2)
  - RFOverlayScrollView (0.3)
  - SwiftHEXColors (1.0.4)
  - SwiftyUserDefaults (3.0.0)

DEPENDENCIES:
  - DonoCore (from `https://github.com/dono-app/dono-pod/`)
  - KeychainSwift (~> 6.0)
  - RFOverlayScrollView (~> 0.3)
  - SwiftHEXColors (~> 1.0)
  - SwiftyUserDefaults (~> 3.0)

EXTERNAL SOURCES:
  DonoCore:
    :git: https://github.com/dono-app/dono-pod/

CHECKOUT OPTIONS:
  DonoCore:
    :commit: '08b578013e3d6c43cda08eae511012ccedd0cb78'
    :git: https://github.com/dono-app/dono-pod/

SPEC CHECKSUMS:
  CryptoSwift: 4a599b7241b8d3b857d6e2c28867d0bd5d1aae24
  DonoCore: 8346afb37d8e81e85c8d0af0cb97edbd06d22440
  KeychainSwift: a261364334000afa8fab0894390d5d00dd226d4c
  RFOverlayScrollView: 8e2b3cee771aab5b3cf4df10b0ead12d22c7d965
  SwiftHEXColors: b0ecc7bd83a1aa2e1956f9ba51f55ebb2bcf86ef
  SwiftyUserDefaults: 0f1d45fc3aafb9064dac661e367f8f83fe21a4b4

PODFILE CHECKSUM: 23f84cb52fe6d7f3968db24f7026f7d5806e8813

COCOAPODS: 1.0.1
